
Microsoft Visual Studio Solution File, Format Version 12.00
# Visual Studio Version 17
VisualStudioVersion = 17.8.34330.188
MinimumVisualStudioVersion = 10.0.40219.1
Project("{FAE04EC0-301F-11D3-BF4B-00C04F79EFBC}") = "Assignment-1", "Assignment-1\Assignment-1.csproj", "{99C2A141-8140-4387-9D47-4365D456B292}"
EndProject
Project("{FAE04EC0-301F-11D3-BF4B-00C04F79EFBC}") = "SpecFlowProject", "SpecFlowProject\SpecFlowProject.csproj", "{CA81DDC9-252F-40F7-A3BF-3E14D53DFB15}"
EndProject
Global
	GlobalSection(SolutionConfigurationPlatforms) = preSolution
		Debug|Any CPU = Debug|Any CPU
		Release|Any CPU = Release|Any CPU
	EndGlobalSection
	GlobalSection(ProjectConfigurationPlatforms) = postSolution
		{99C2A141-8140-4387-9D47-4365D456B292}.Debug|Any CPU.ActiveCfg = Debug|Any CPU
		{99C2A141-8140-4387-9D47-4365D456B292}.Debug|Any CPU.Build.0 = Debug|Any CPU
		{99C2A141-8140-4387-9D47-4365D456B292}.Release|Any CPU.ActiveCfg = Release|Any CPU
		{99C2A141-8140-4387-9D47-4365D456B292}.Release|Any CPU.Build.0 = Release|Any CPU
		{CA81DDC9-252F-40F7-A3BF-3E14D53DFB15}.Debug|Any CPU.ActiveCfg = Debug|Any CPU
		{CA81DDC9-252F-40F7-A3BF-3E14D53DFB15}.Debug|Any CPU.Build.0 = Debug|Any CPU
		{CA81DDC9-252F-40F7-A3BF-3E14D53DFB15}.Release|Any CPU.ActiveCfg = Release|Any CPU
		{CA81DDC9-252F-40F7-A3BF-3E14D53DFB15}.Release|Any CPU.Build.0 = Release|Any CPU
	EndGlobalSection
	GlobalSection(SolutionProperties) = preSolution
		HideSolutionNode = FALSE
	EndGlobalSection
	GlobalSection(ExtensibilityGlobals) = postSolution
		SolutionGuid = {4B9524B6-17ED-4A79-906A-307121AC1C2D}
	EndGlobalSection
EndGlobal
